// !$*UTF8*$!
{
	archiveVersion = 1;
	classes = {
	};
	objectVersion = 48;
	objects = {

/* Begin PBXBuildFile section */
		DE0BAB071F5470C8006CB669 /* OptionTests.swift in Sources */ = {isa = PBXBuildFile; fileRef = DE0BAB061F5470C8006CB669 /* OptionTests.swift */; };
		DE0BAB0A1F547E8C006CB669 /* Big.txt in Resources */ = {isa = PBXBuildFile; fileRef = DE0BAB081F547C86006CB669 /* Big.txt */; };
		DE44248F1F530D19001B21F3 /* Option.swift in Sources */ = {isa = PBXBuildFile; fileRef = DE44248E1F530D19001B21F3 /* Option.swift */; };
		DEC3456F1F5186D2000D409A /* AppDelegate.swift in Sources */ = {isa = PBXBuildFile; fileRef = DEC3456E1F5186D2000D409A /* AppDelegate.swift */; };
		DEC345711F5186D2000D409A /* ViewController.swift in Sources */ = {isa = PBXBuildFile; fileRef = DEC345701F5186D2000D409A /* ViewController.swift */; };
		DEC345741F5186D2000D409A /* Main.storyboard in Resources */ = {isa = PBXBuildFile; fileRef = DEC345721F5186D2000D409A /* Main.storyboard */; };
		DEC345761F5186D2000D409A /* Assets.xcassets in Resources */ = {isa = PBXBuildFile; fileRef = DEC345751F5186D2000D409A /* Assets.xcassets */; };
		DEC345791F5186D2000D409A /* LaunchScreen.storyboard in Resources */ = {isa = PBXBuildFile; fileRef = DEC345771F5186D2000D409A /* LaunchScreen.storyboard */; };
		DEC345841F5186D2000D409A /* TwitSplitTests.swift in Sources */ = {isa = PBXBuildFile; fileRef = DEC345831F5186D2000D409A /* TwitSplitTests.swift */; };
		DEC345981F518784000D409A /* Tweet.swift in Sources */ = {isa = PBXBuildFile; fileRef = DEC345961F518784000D409A /* Tweet.swift */; };
		DEC3459B1F518A05000D409A /* Config.swift in Sources */ = {isa = PBXBuildFile; fileRef = DEC3459A1F518A05000D409A /* Config.swift */; };
		DEDB3B4C1F51D6F2003F055A /* StringExtensions.swift in Sources */ = {isa = PBXBuildFile; fileRef = DEDB3B4B1F51D6F2003F055A /* StringExtensions.swift */; };
		DEDB3B4E1F51E21C003F055A /* Counter.swift in Sources */ = {isa = PBXBuildFile; fileRef = DEDB3B4D1F51E21C003F055A /* Counter.swift */; };
		DEDB3B511F51E662003F055A /* TweetViewModel.swift in Sources */ = {isa = PBXBuildFile; fileRef = DEDB3B501F51E662003F055A /* TweetViewModel.swift */; };
		DEDB3B531F525E20003F055A /* Error.swift in Sources */ = {isa = PBXBuildFile; fileRef = DEDB3B521F525E1F003F055A /* Error.swift */; };
/* End PBXBuildFile section */

/* Begin PBXContainerItemProxy section */
		DEC345801F5186D2000D409A /* PBXContainerItemProxy */ = {
			isa = PBXContainerItemProxy;
			containerPortal = DEC345631F5186D2000D409A /* Project object */;
			proxyType = 1;
			remoteGlobalIDString = DEC3456A1F5186D2000D409A;
			remoteInfo = TwitSplit;
		};
/* End PBXContainerItemProxy section */

/* Begin PBXFileReference section */
		DE0BAB061F5470C8006CB669 /* OptionTests.swift */ = {isa = PBXFileReference; lastKnownFileType = sourcecode.swift; path = OptionTests.swift; sourceTree = "<group>"; };
		DE0BAB081F547C86006CB669 /* Big.txt */ = {isa = PBXFileReference; fileEncoding = 4; lastKnownFileType = text; path = Big.txt; sourceTree = "<group>"; };
		DE44248E1F530D19001B21F3 /* Option.swift */ = {isa = PBXFileReference; lastKnownFileType = sourcecode.swift; path = Option.swift; sourceTree = "<group>"; };
		DEC3456B1F5186D2000D409A /* TwitSplit.app */ = {isa = PBXFileReference; explicitFileType = wrapper.application; includeInIndex = 0; path = TwitSplit.app; sourceTree = BUILT_PRODUCTS_DIR; };
		DEC3456E1F5186D2000D409A /* AppDelegate.swift */ = {isa = PBXFileReference; lastKnownFileType = sourcecode.swift; path = AppDelegate.swift; sourceTree = "<group>"; };
		DEC345701F5186D2000D409A /* ViewController.swift */ = {isa = PBXFileReference; lastKnownFileType = sourcecode.swift; path = ViewController.swift; sourceTree = "<group>"; };
		DEC345731F5186D2000D409A /* Base */ = {isa = PBXFileReference; lastKnownFileType = file.storyboard; name = Base; path = Base.lproj/Main.storyboard; sourceTree = "<group>"; };
		DEC345751F5186D2000D409A /* Assets.xcassets */ = {isa = PBXFileReference; lastKnownFileType = folder.assetcatalog; path = Assets.xcassets; sourceTree = "<group>"; };
		DEC345781F5186D2000D409A /* Base */ = {isa = PBXFileReference; lastKnownFileType = file.storyboard; name = Base; path = Base.lproj/LaunchScreen.storyboard; sourceTree = "<group>"; };
		DEC3457A1F5186D2000D409A /* Info.plist */ = {isa = PBXFileReference; lastKnownFileType = text.plist.xml; path = Info.plist; sourceTree = "<group>"; };
		DEC3457F1F5186D2000D409A /* TwitSplitTests.xctest */ = {isa = PBXFileReference; explicitFileType = wrapper.cfbundle; includeInIndex = 0; path = TwitSplitTests.xctest; sourceTree = BUILT_PRODUCTS_DIR; };
		DEC345831F5186D2000D409A /* TwitSplitTests.swift */ = {isa = PBXFileReference; lastKnownFileType = sourcecode.swift; path = TwitSplitTests.swift; sourceTree = "<group>"; };
		DEC345851F5186D2000D409A /* Info.plist */ = {isa = PBXFileReference; lastKnownFileType = text.plist.xml; path = Info.plist; sourceTree = "<group>"; };
		DEC345961F518784000D409A /* Tweet.swift */ = {isa = PBXFileReference; fileEncoding = 4; lastKnownFileType = sourcecode.swift; path = Tweet.swift; sourceTree = "<group>"; };
		DEC3459A1F518A05000D409A /* Config.swift */ = {isa = PBXFileReference; lastKnownFileType = sourcecode.swift; path = Config.swift; sourceTree = "<group>"; };
		DEDB3B4B1F51D6F2003F055A /* StringExtensions.swift */ = {isa = PBXFileReference; lastKnownFileType = sourcecode.swift; path = StringExtensions.swift; sourceTree = "<group>"; };
		DEDB3B4D1F51E21C003F055A /* Counter.swift */ = {isa = PBXFileReference; lastKnownFileType = sourcecode.swift; path = Counter.swift; sourceTree = "<group>"; };
		DEDB3B501F51E662003F055A /* TweetViewModel.swift */ = {isa = PBXFileReference; lastKnownFileType = sourcecode.swift; path = TweetViewModel.swift; sourceTree = "<group>"; };
		DEDB3B521F525E1F003F055A /* Error.swift */ = {isa = PBXFileReference; lastKnownFileType = sourcecode.swift; path = Error.swift; sourceTree = "<group>"; };
/* End PBXFileReference section */

/* Begin PBXFrameworksBuildPhase section */
		DEC345681F5186D2000D409A /* Frameworks */ = {
			isa = PBXFrameworksBuildPhase;
			buildActionMask = 2147483647;
			files = (
			);
			runOnlyForDeploymentPostprocessing = 0;
		};
		DEC3457C1F5186D2000D409A /* Frameworks */ = {
			isa = PBXFrameworksBuildPhase;
			buildActionMask = 2147483647;
			files = (
			);
			runOnlyForDeploymentPostprocessing = 0;
		};
/* End PBXFrameworksBuildPhase section */

/* Begin PBXGroup section */
		DE0F73ED1F55BC8F0016A798 /* Storyboard */ = {
			isa = PBXGroup;
			children = (
				DEC345721F5186D2000D409A /* Main.storyboard */,
				DEC345771F5186D2000D409A /* LaunchScreen.storyboard */,
			);
			path = Storyboard;
			sourceTree = "<group>";
		};
		DE0F73EE1F55BCA00016A798 /* Resources */ = {
			isa = PBXGroup;
			children = (
				DEC345751F5186D2000D409A /* Assets.xcassets */,
				DE0BAB081F547C86006CB669 /* Big.txt */,
				DEC3457A1F5186D2000D409A /* Info.plist */,
			);
			path = Resources;
			sourceTree = "<group>";
		};
		DE0F73EF1F55BCBC0016A798 /* Controllers */ = {
			isa = PBXGroup;
			children = (
				DEC345701F5186D2000D409A /* ViewController.swift */,
			);
			path = Controllers;
			sourceTree = "<group>";
		};
		DEC345621F5186D2000D409A = {
			isa = PBXGroup;
			children = (
				DEC3456D1F5186D2000D409A /* TwitSplit */,
				DEC345821F5186D2000D409A /* TwitSplitTests */,
				DEC3456C1F5186D2000D409A /* Products */,
			);
			sourceTree = "<group>";
		};
		DEC3456C1F5186D2000D409A /* Products */ = {
			isa = PBXGroup;
			children = (
				DEC3456B1F5186D2000D409A /* TwitSplit.app */,
				DEC3457F1F5186D2000D409A /* TwitSplitTests.xctest */,
			);
			name = Products;
			sourceTree = "<group>";
		};
		DEC3456D1F5186D2000D409A /* TwitSplit */ = {
			isa = PBXGroup;
			children = (
				DEC3456E1F5186D2000D409A /* AppDelegate.swift */,
				DEC345991F5189EF000D409A /* Config */,
				DEC345941F518784000D409A /* Model */,
				DEDB3B4F1F51E64C003F055A /* ViewModel */,
				DE0F73EF1F55BCBC0016A798 /* Controllers */,
				DEDB3B4A1F51D6DF003F055A /* Extensions */,
				DE0F73ED1F55BC8F0016A798 /* Storyboard */,
				DE0F73EE1F55BCA00016A798 /* Resources */,
			);
			path = TwitSplit;
			sourceTree = "<group>";
		};
		DEC345821F5186D2000D409A /* TwitSplitTests */ = {
			isa = PBXGroup;
			children = (
				DEC345831F5186D2000D409A /* TwitSplitTests.swift */,
				DEC345851F5186D2000D409A /* Info.plist */,
				DE0BAB061F5470C8006CB669 /* OptionTests.swift */,
			);
			path = TwitSplitTests;
			sourceTree = "<group>";
		};
		DEC345941F518784000D409A /* Model */ = {
			isa = PBXGroup;
			children = (
				DEDB3B4D1F51E21C003F055A /* Counter.swift */,
				DEC345961F518784000D409A /* Tweet.swift */,
			);
			path = Model;
			sourceTree = "<group>";
		};
		DEC345991F5189EF000D409A /* Config */ = {
			isa = PBXGroup;
			children = (
				DEC3459A1F518A05000D409A /* Config.swift */,
				DEDB3B521F525E1F003F055A /* Error.swift */,
				DE44248E1F530D19001B21F3 /* Option.swift */,
			);
			path = Config;
			sourceTree = "<group>";
		};
		DEDB3B4A1F51D6DF003F055A /* Extensions */ = {
			isa = PBXGroup;
			children = (
				DEDB3B4B1F51D6F2003F055A /* StringExtensions.swift */,
			);
			path = Extensions;
			sourceTree = "<group>";
		};
		DEDB3B4F1F51E64C003F055A /* ViewModel */ = {
			isa = PBXGroup;
			children = (
				DEDB3B501F51E662003F055A /* TweetViewModel.swift */,
			);
			path = ViewModel;
			sourceTree = "<group>";
		};
/* End PBXGroup section */

/* Begin PBXNativeTarget section */
		DEC3456A1F5186D2000D409A /* TwitSplit */ = {
			isa = PBXNativeTarget;
			buildConfigurationList = DEC345881F5186D2000D409A /* Build configuration list for PBXNativeTarget "TwitSplit" */;
			buildPhases = (
				DEC345671F5186D2000D409A /* Sources */,
				DEC345681F5186D2000D409A /* Frameworks */,
				DEC345691F5186D2000D409A /* Resources */,
			);
			buildRules = (
			);
			dependencies = (
			);
			name = TwitSplit;
			productName = TwitSplit;
			productReference = DEC3456B1F5186D2000D409A /* TwitSplit.app */;
			productType = "com.apple.product-type.application";
		};
		DEC3457E1F5186D2000D409A /* TwitSplitTests */ = {
			isa = PBXNativeTarget;
			buildConfigurationList = DEC3458B1F5186D2000D409A /* Build configuration list for PBXNativeTarget "TwitSplitTests" */;
			buildPhases = (
				DEC3457B1F5186D2000D409A /* Sources */,
				DEC3457C1F5186D2000D409A /* Frameworks */,
				DEC3457D1F5186D2000D409A /* Resources */,
			);
			buildRules = (
			);
			dependencies = (
				DEC345811F5186D2000D409A /* PBXTargetDependency */,
			);
			name = TwitSplitTests;
			productName = TwitSplitTests;
			productReference = DEC3457F1F5186D2000D409A /* TwitSplitTests.xctest */;
			productType = "com.apple.product-type.bundle.unit-test";
		};
/* End PBXNativeTarget section */

/* Begin PBXProject section */
		DEC345631F5186D2000D409A /* Project object */ = {
			isa = PBXProject;
			attributes = {
				LastSwiftUpdateCheck = 0900;
				LastUpgradeCheck = 0900;
				ORGANIZATIONNAME = "Hoan Pham";
				TargetAttributes = {
					DEC3456A1F5186D2000D409A = {
						CreatedOnToolsVersion = 9.0;
						ProvisioningStyle = Automatic;
					};
					DEC3457E1F5186D2000D409A = {
						CreatedOnToolsVersion = 9.0;
						ProvisioningStyle = Automatic;
						TestTargetID = DEC3456A1F5186D2000D409A;
					};
				};
			};
			buildConfigurationList = DEC345661F5186D2000D409A /* Build configuration list for PBXProject "TwitSplit" */;
			compatibilityVersion = "Xcode 8.0";
			developmentRegion = en;
			hasScannedForEncodings = 0;
			knownRegions = (
				en,
				Base,
			);
			mainGroup = DEC345621F5186D2000D409A;
			productRefGroup = DEC3456C1F5186D2000D409A /* Products */;
			projectDirPath = "";
			projectRoot = "";
			targets = (
				DEC3456A1F5186D2000D409A /* TwitSplit */,
				DEC3457E1F5186D2000D409A /* TwitSplitTests */,
			);
		};
/* End PBXProject section */

/* Begin PBXResourcesBuildPhase section */
		DEC345691F5186D2000D409A /* Resources */ = {
			isa = PBXResourcesBuildPhase;
			buildActionMask = 2147483647;
			files = (
				DEC345791F5186D2000D409A /* LaunchScreen.storyboard in Resources */,
				DEC345761F5186D2000D409A /* Assets.xcassets in Resources */,
				DEC345741F5186D2000D409A /* Main.storyboard in Resources */,
				DE0BAB0A1F547E8C006CB669 /* Big.txt in Resources */,
			);
			runOnlyForDeploymentPostprocessing = 0;
		};
		DEC3457D1F5186D2000D409A /* Resources */ = {
			isa = PBXResourcesBuildPhase;
			buildActionMask = 2147483647;
			files = (
			);
			runOnlyForDeploymentPostprocessing = 0;
		};
/* End PBXResourcesBuildPhase section */

/* Begin PBXSourcesBuildPhase section */
		DEC345671F5186D2000D409A /* Sources */ = {
			isa = PBXSourcesBuildPhase;
			buildActionMask = 2147483647;
			files = (
				DEDB3B531F525E20003F055A /* Error.swift in Sources */,
				DEDB3B4C1F51D6F2003F055A /* StringExtensions.swift in Sources */,
				DEC345711F5186D2000D409A /* ViewController.swift in Sources */,
				DEC3459B1F518A05000D409A /* Config.swift in Sources */,
				DEDB3B511F51E662003F055A /* TweetViewModel.swift in Sources */,
				DEC3456F1F5186D2000D409A /* AppDelegate.swift in Sources */,
				DEC345981F518784000D409A /* Tweet.swift in Sources */,
				DE44248F1F530D19001B21F3 /* Option.swift in Sources */,
				DEDB3B4E1F51E21C003F055A /* Counter.swift in Sources */,
			);
			runOnlyForDeploymentPostprocessing = 0;
		};
		DEC3457B1F5186D2000D409A /* Sources */ = {
			isa = PBXSourcesBuildPhase;
			buildActionMask = 2147483647;
			files = (
				DE0BAB071F5470C8006CB669 /* OptionTests.swift in Sources */,
				DEC345841F5186D2000D409A /* TwitSplitTests.swift in Sources */,
			);
			runOnlyForDeploymentPostprocessing = 0;
		};
/* End PBXSourcesBuildPhase section */

/* Begin PBXTargetDependency section */
		DEC345811F5186D2000D409A /* PBXTargetDependency */ = {
			isa = PBXTargetDependency;
			target = DEC3456A1F5186D2000D409A /* TwitSplit */;
			targetProxy = DEC345801F5186D2000D409A /* PBXContainerItemProxy */;
		};
/* End PBXTargetDependency section */

/* Begin PBXVariantGroup section */
		DEC345721F5186D2000D409A /* Main.storyboard */ = {
			isa = PBXVariantGroup;
			children = (
				DEC345731F5186D2000D409A /* Base */,
			);
			name = Main.storyboard;
			sourceTree = "<group>";
		};
		DEC345771F5186D2000D409A /* LaunchScreen.storyboard */ = {
			isa = PBXVariantGroup;
			children = (
				DEC345781F5186D2000D409A /* Base */,
			);
			name = LaunchScreen.storyboard;
			sourceTree = "<group>";
		};
/* End PBXVariantGroup section */

/* Begin XCBuildConfiguration section */
		DEC345861F5186D2000D409A /* Debug */ = {
			isa = XCBuildConfiguration;
			buildSettings = {
				ALWAYS_SEARCH_USER_PATHS = NO;
				CLANG_ANALYZER_NONNULL = YES;
				CLANG_ANALYZER_NUMBER_OBJECT_CONVERSION = YES_AGGRESSIVE;
				CLANG_CXX_LANGUAGE_STANDARD = "gnu++14";
				CLANG_CXX_LIBRARY = "libc++";
				CLANG_ENABLE_MODULES = YES;
				CLANG_ENABLE_OBJC_ARC = YES;
				CLANG_WARN_BLOCK_CAPTURE_AUTORELEASING = YES;
				CLANG_WARN_BOOL_CONVERSION = YES;
				CLANG_WARN_COMMA = YES;
				CLANG_WARN_CONSTANT_CONVERSION = YES;
				CLANG_WARN_DIRECT_OBJC_ISA_USAGE = YES_ERROR;
				CLANG_WARN_DOCUMENTATION_COMMENTS = YES;
				CLANG_WARN_EMPTY_BODY = YES;
				CLANG_WARN_ENUM_CONVERSION = YES;
				CLANG_WARN_INFINITE_RECURSION = YES;
				CLANG_WARN_INT_CONVERSION = YES;
				CLANG_WARN_NON_LITERAL_NULL_CONVERSION = YES;
				CLANG_WARN_OBJC_LITERAL_CONVERSION = YES;
				CLANG_WARN_OBJC_ROOT_CLASS = YES_ERROR;
				CLANG_WARN_RANGE_LOOP_ANALYSIS = YES;
				CLANG_WARN_STRICT_PROTOTYPES = YES;
				CLANG_WARN_SUSPICIOUS_MOVE = YES;
				CLANG_WARN_UNGUARDED_AVAILABILITY = YES_AGGRESSIVE;
				CLANG_WARN_UNREACHABLE_CODE = YES;
				CLANG_WARN__DUPLICATE_METHOD_MATCH = YES;
				CODE_SIGN_IDENTITY = "iPhone Developer";
				COPY_PHASE_STRIP = NO;
				DEBUG_INFORMATION_FORMAT = dwarf;
				ENABLE_STRICT_OBJC_MSGSEND = YES;
				ENABLE_TESTABILITY = YES;
				GCC_C_LANGUAGE_STANDARD = gnu11;
				GCC_DYNAMIC_NO_PIC = NO;
				GCC_NO_COMMON_BLOCKS = YES;
				GCC_OPTIMIZATION_LEVEL = 0;
				GCC_PREPROCESSOR_DEFINITIONS = (
					"DEBUG=1",
					"$(inherited)",
				);
				GCC_WARN_64_TO_32_BIT_CONVERSION = YES;
				GCC_WARN_ABOUT_RETURN_TYPE = YES_ERROR;
				GCC_WARN_UNDECLARED_SELECTOR = YES;
				GCC_WARN_UNINITIALIZED_AUTOS = YES_AGGRESSIVE;
				GCC_WARN_UNUSED_FUNCTION = YES;
				GCC_WARN_UNUSED_VARIABLE = YES;
				IPHONEOS_DEPLOYMENT_TARGET = 11.0;
				MTL_ENABLE_DEBUG_INFO = YES;
				ONLY_ACTIVE_ARCH = YES;
				SDKROOT = iphoneos;
				SWIFT_ACTIVE_COMPILATION_CONDITIONS = DEBUG;
				SWIFT_OPTIMIZATION_LEVEL = "-Onone";
			};
			name = Debug;
		};
		DEC345871F5186D2000D409A /* Release */ = {
			isa = XCBuildConfiguration;
			buildSettings = {
				ALWAYS_SEARCH_USER_PATHS = NO;
				CLANG_ANALYZER_NONNULL = YES;
				CLANG_ANALYZER_NUMBER_OBJECT_CONVERSION = YES_AGGRESSIVE;
				CLANG_CXX_LANGUAGE_STANDARD = "gnu++14";
				CLANG_CXX_LIBRARY = "libc++";
				CLANG_ENABLE_MODULES = YES;
				CLANG_ENABLE_OBJC_ARC = YES;
				CLANG_WARN_BLOCK_CAPTURE_AUTORELEASING = YES;
				CLANG_WARN_BOOL_CONVERSION = YES;
				CLANG_WARN_COMMA = YES;
				CLANG_WARN_CONSTANT_CONVERSION = YES;
				CLANG_WARN_DIRECT_OBJC_ISA_USAGE = YES_ERROR;
				CLANG_WARN_DOCUMENTATION_COMMENTS = YES;
				CLANG_WARN_EMPTY_BODY = YES;
				CLANG_WARN_ENUM_CONVERSION = YES;
				CLANG_WARN_INFINITE_RECURSION = YES;
				CLANG_WARN_INT_CONVERSION = YES;
				CLANG_WARN_NON_LITERAL_NULL_CONVERSION = YES;
				CLANG_WARN_OBJC_LITERAL_CONVERSION = YES;
				CLANG_WARN_OBJC_ROOT_CLASS = YES_ERROR;
				CLANG_WARN_RANGE_LOOP_ANALYSIS = YES;
				CLANG_WARN_STRICT_PROTOTYPES = YES;
				CLANG_WARN_SUSPICIOUS_MOVE = YES;
				CLANG_WARN_UNGUARDED_AVAILABILITY = YES_AGGRESSIVE;
				CLANG_WARN_UNREACHABLE_CODE = YES;
				CLANG_WARN__DUPLICATE_METHOD_MATCH = YES;
				CODE_SIGN_IDENTITY = "iPhone Developer";
				COPY_PHASE_STRIP = NO;
				DEBUG_INFORMATION_FORMAT = "dwarf-with-dsym";
				ENABLE_NS_ASSERTIONS = NO;
				ENABLE_STRICT_OBJC_MSGSEND = YES;
				GCC_C_LANGUAGE_STANDARD = gnu11;
				GCC_NO_COMMON_BLOCKS = YES;
				GCC_WARN_64_TO_32_BIT_CONVERSION = YES;
				GCC_WARN_ABOUT_RETURN_TYPE = YES_ERROR;
				GCC_WARN_UNDECLARED_SELECTOR = YES;
				GCC_WARN_UNINITIALIZED_AUTOS = YES_AGGRESSIVE;
				GCC_WARN_UNUSED_FUNCTION = YES;
				GCC_WARN_UNUSED_VARIABLE = YES;
				IPHONEOS_DEPLOYMENT_TARGET = 11.0;
				MTL_ENABLE_DEBUG_INFO = NO;
				SDKROOT = iphoneos;
				SWIFT_OPTIMIZATION_LEVEL = "-Owholemodule";
				VALIDATE_PRODUCT = YES;
			};
			name = Release;
		};
		DEC345891F5186D2000D409A /* Debug */ = {
			isa = XCBuildConfiguration;
			buildSettings = {
				ASSETCATALOG_COMPILER_APPICON_NAME = AppIcon;
				CODE_SIGN_STYLE = Automatic;
				DEVELOPMENT_TEAM = SC854SMDVY;
				INFOPLIST_FILE = TwitSplit/Info.plist;
				IPHONEOS_DEPLOYMENT_TARGET = 9.0;
				LD_RUNPATH_SEARCH_PATHS = "$(inherited) @executable_path/Frameworks";
				PRODUCT_BUNDLE_IDENTIFIER = com.hoanpham.TwitSplit;
				PRODUCT_NAME = "$(TARGET_NAME)";
				SWIFT_VERSION = 4.0;
				TARGETED_DEVICE_FAMILY = "1,2";
			};
			name = Debug;
		};
		DEC3458A1F5186D2000D409A /* Release */ = {
			isa = XCBuildConfiguration;
			buildSettings = {
				ASSETCATALOG_COMPILER_APPICON_NAME = AppIcon;
				CODE_SIGN_STYLE = Automatic;
				DEVELOPMENT_TEAM = SC854SMDVY;
				INFOPLIST_FILE = TwitSplit/Info.plist;
				IPHONEOS_DEPLOYMENT_TARGET = 9.0;
				LD_RUNPATH_SEARCH_PATHS = "$(inherited) @executable_path/Frameworks";
				PRODUCT_BUNDLE_IDENTIFIER = com.hoanpham.TwitSplit;
				PRODUCT_NAME = "$(TARGET_NAME)";
				SWIFT_VERSION = 4.0;
				TARGETED_DEVICE_FAMILY = "1,2";
			};
			name = Release;
		};
		DEC3458C1F5186D2000D409A /* Debug */ = {
			isa = XCBuildConfiguration;
			buildSettings = {
				ALWAYS_EMBED_SWIFT_STANDARD_LIBRARIES = YES;
				BUNDLE_LOADER = "$(TEST_HOST)";
				CODE_SIGN_STYLE = Automatic;
				DEVELOPMENT_TEAM = SC854SMDVY;
				INFOPLIST_FILE = TwitSplitTests/Info.plist;
				LD_RUNPATH_SEARCH_PATHS = "$(inherited) @executable_path/Frameworks @loader_path/Frameworks";
				PRODUCT_BUNDLE_IDENTIFIER = com.hoanpham.TwitSplitTests;
				PRODUCT_NAME = "$(TARGET_NAME)";
				SWIFT_VERSION = 4.0;
				TARGETED_DEVICE_FAMILY = "1,2";
				TEST_HOST = "$(BUILT_PRODUCTS_DIR)/TwitSplit.app/TwitSplit";
			};
			name = Debug;
		};
		DEC3458D1F5186D2000D409A /* Release */ = {
			isa = XCBuildConfiguration;
			buildSettings = {
				ALWAYS_EMBED_SWIFT_STANDARD_LIBRARIES = YES;
				BUNDLE_LOADER = "$(TEST_HOST)";
				CODE_SIGN_STYLE = Automatic;
				DEVELOPMENT_TEAM = SC854SMDVY;
				INFOPLIST_FILE = TwitSplitTests/Info.plist;
				LD_RUNPATH_SEARCH_PATHS = "$(inherited) @executable_path/Frameworks @loader_path/Frameworks";
				PRODUCT_BUNDLE_IDENTIFIER = com.hoanpham.TwitSplitTests;
				PRODUCT_NAME = "$(TARGET_NAME)";
				SWIFT_VERSION = 4.0;
				TARGETED_DEVICE_FAMILY = "1,2";
				TEST_HOST = "$(BUILT_PRODUCTS_DIR)/TwitSplit.app/TwitSplit";
			};
			name = Release;
		};
/* End XCBuildConfiguration section */

/* Begin XCConfigurationList section */
		DEC345661F5186D2000D409A /* Build configuration list for PBXProject "TwitSplit" */ = {
			isa = XCConfigurationList;
			buildConfigurations = (
				DEC345861F5186D2000D409A /* Debug */,
				DEC345871F5186D2000D409A /* Release */,
			);
			defaultConfigurationIsVisible = 0;
			defaultConfigurationName = Release;
		};
		DEC345881F5186D2000D409A /* Build configuration list for PBXNativeTarget "TwitSplit" */ = {
			isa = XCConfigurationList;
			buildConfigurations = (
				DEC345891F5186D2000D409A /* Debug */,
				DEC3458A1F5186D2000D409A /* Release */,
			);
			defaultConfigurationIsVisible = 0;
			defaultConfigurationName = Release;
		};
		DEC3458B1F5186D2000D409A /* Build configuration list for PBXNativeTarget "TwitSplitTests" */ = {
			isa = XCConfigurationList;
			buildConfigurations = (
				DEC3458C1F5186D2000D409A /* Debug */,
				DEC3458D1F5186D2000D409A /* Release */,
			);
			defaultConfigurationIsVisible = 0;
			defaultConfigurationName = Release;
		};
/* End XCConfigurationList section */
	};
	rootObject = DEC345631F5186D2000D409A /* Project object */;
}
